
Microsoft Visual Studio Solution File, Format Version 12.00
# Visual Studio Version 17
VisualStudioVersion = 17.7.34031.279
MinimumVisualStudioVersion = 10.0.40219.1
Project("{FAE04EC0-301F-11D3-BF4B-00C04F79EFBC}") = "Clases", "Clases\Clases.csproj", "{1A8160DC-F16C-4CF0-B4A5-EA0C68850F6B}"
EndProject
Global
	GlobalSection(SolutionConfigurationPlatforms) = preSolution
		Debug|Any CPU = Debug|Any CPU
		Release|Any CPU = Release|Any CPU
	EndGlobalSection
	GlobalSection(ProjectConfigurationPlatforms) = postSolution
		{1A8160DC-F16C-4CF0-B4A5-EA0C68850F6B}.Debug|Any CPU.ActiveCfg = Debug|Any CPU
		{1A8160DC-F16C-4CF0-B4A5-EA0C68850F6B}.Debug|Any CPU.Build.0 = Debug|Any CPU
		{1A8160DC-F16C-4CF0-B4A5-EA0C68850F6B}.Release|Any CPU.ActiveCfg = Release|Any CPU
		{1A8160DC-F16C-4CF0-B4A5-EA0C68850F6B}.Release|Any CPU.Build.0 = Release|Any CPU
	EndGlobalSection
	GlobalSection(SolutionProperties) = preSolution
		HideSolutionNode = FALSE
	EndGlobalSection
	GlobalSection(ExtensibilityGlobals) = postSolution
		SolutionGuid = {BFA723C4-53F2-4E79-A8D1-24A7B360522B}
	EndGlobalSection
EndGlobal
